
Microsoft Visual Studio Solution File, Format Version 11.00
# Visual Studio 2010
Project("{00000000-0000-0000-0000-000000000000}") = "VenuePop", "VenuePop\VenuePop.proj", "{8C89A0BE-9F15-46BC-B996-D81EF4D0EA3D}"
EndProject
Global
	GlobalSection(ProjectConfigurationPlatforms) = postSolution
		{8C89A0BE-9F15-46BC-B996-D81EF4D0EA3D}.Debug|Any CPU.ActiveCfg = Debug|Any CPU
		{8C89A0BE-9F15-46BC-B996-D81EF4D0EA3D}.Debug|Any CPU.Build.0 = Debug|Any CPU
		{8C89A0BE-9F15-46BC-B996-D81EF4D0EA3D}.Release|Any CPU.ActiveCfg = Release|Any CPU
		{8C89A0BE-9F15-46BC-B996-D81EF4D0EA3D}.Release|Any CPU.Build.0 = Release|Any CPU
	EndGlobalSection
	GlobalSection(SolutionConfigurationPlatforms) = preSolution
		Debug|Any CPU = Debug|Any CPU
		Release|Any CPU = Release|Any CPU
	EndGlobalSection
EndGlobal
